
Microsoft Visual Studio Solution File, Format Version 12.00
# Visual Studio Version 17
VisualStudioVersion = 17.8.34525.116
MinimumVisualStudioVersion = 10.0.40219.1
Project("{FAE04EC0-301F-11D3-BF4B-00C04F79EFBC}") = "CABasics", "CABasics\CABasics.csproj", "{C7076A0E-A07B-486E-9CD8-E3AD8C185068}"
EndProject
Global
	GlobalSection(SolutionConfigurationPlatforms) = preSolution
		Debug|Any CPU = Debug|Any CPU
		Release|Any CPU = Release|Any CPU
	EndGlobalSection
	GlobalSection(ProjectConfigurationPlatforms) = postSolution
		{C7076A0E-A07B-486E-9CD8-E3AD8C185068}.Debug|Any CPU.ActiveCfg = Debug|Any CPU
		{C7076A0E-A07B-486E-9CD8-E3AD8C185068}.Debug|Any CPU.Build.0 = Debug|Any CPU
		{C7076A0E-A07B-486E-9CD8-E3AD8C185068}.Release|Any CPU.ActiveCfg = Release|Any CPU
		{C7076A0E-A07B-486E-9CD8-E3AD8C185068}.Release|Any CPU.Build.0 = Release|Any CPU
	EndGlobalSection
	GlobalSection(SolutionProperties) = preSolution
		HideSolutionNode = FALSE
	EndGlobalSection
	GlobalSection(ExtensibilityGlobals) = postSolution
		SolutionGuid = {E325A602-0CCB-4578-9150-258B2D93DE09}
	EndGlobalSection
EndGlobal
