
Microsoft Visual Studio Solution File, Format Version 12.00
# Visual Studio Version 17
VisualStudioVersion = 17.8.34525.116
MinimumVisualStudioVersion = 10.0.40219.1
Project("{FAE04EC0-301F-11D3-BF4B-00C04F79EFBC}") = "CABasics", "CABasics\CABasics.csproj", "{C7076A0E-A07B-486E-9CD8-E3AD8C185068}"
EndProject
Project("{FAE04EC0-301F-11D3-BF4B-00C04F79EFBC}") = "CAOopsExample", "CAOopsExample\CAOopsExample.csproj", "{8AD55821-AAD6-43BC-8F0A-CFEBA72B825B}"
EndProject
Project("{FAE04EC0-301F-11D3-BF4B-00C04F79EFBC}") = "CAConstrcutors", "CAConstrcutors\CAConstrcutors.csproj", "{4587AD34-095E-461E-8B39-782A3C6CAB3A}"
EndProject
Project("{FAE04EC0-301F-11D3-BF4B-00C04F79EFBC}") = "CAOverloading", "CAOverloading\CAOverloading.csproj", "{DE4A5E2C-0601-492A-9219-31DE0DF74AE5}"
EndProject
Project("{FAE04EC0-301F-11D3-BF4B-00C04F79EFBC}") = "CAInheritance", "CAInheritance\CAInheritance.csproj", "{2AF955F5-3B5B-4195-8986-72CEF1D86C63}"
EndProject
Global
	GlobalSection(SolutionConfigurationPlatforms) = preSolution
		Debug|Any CPU = Debug|Any CPU
		Release|Any CPU = Release|Any CPU
	EndGlobalSection
	GlobalSection(ProjectConfigurationPlatforms) = postSolution
		{C7076A0E-A07B-486E-9CD8-E3AD8C185068}.Debug|Any CPU.ActiveCfg = Debug|Any CPU
		{C7076A0E-A07B-486E-9CD8-E3AD8C185068}.Debug|Any CPU.Build.0 = Debug|Any CPU
		{C7076A0E-A07B-486E-9CD8-E3AD8C185068}.Release|Any CPU.ActiveCfg = Release|Any CPU
		{C7076A0E-A07B-486E-9CD8-E3AD8C185068}.Release|Any CPU.Build.0 = Release|Any CPU
		{8AD55821-AAD6-43BC-8F0A-CFEBA72B825B}.Debug|Any CPU.ActiveCfg = Debug|Any CPU
		{8AD55821-AAD6-43BC-8F0A-CFEBA72B825B}.Debug|Any CPU.Build.0 = Debug|Any CPU
		{8AD55821-AAD6-43BC-8F0A-CFEBA72B825B}.Release|Any CPU.ActiveCfg = Release|Any CPU
		{8AD55821-AAD6-43BC-8F0A-CFEBA72B825B}.Release|Any CPU.Build.0 = Release|Any CPU
		{4587AD34-095E-461E-8B39-782A3C6CAB3A}.Debug|Any CPU.ActiveCfg = Debug|Any CPU
		{4587AD34-095E-461E-8B39-782A3C6CAB3A}.Debug|Any CPU.Build.0 = Debug|Any CPU
		{4587AD34-095E-461E-8B39-782A3C6CAB3A}.Release|Any CPU.ActiveCfg = Release|Any CPU
		{4587AD34-095E-461E-8B39-782A3C6CAB3A}.Release|Any CPU.Build.0 = Release|Any CPU
		{DE4A5E2C-0601-492A-9219-31DE0DF74AE5}.Debug|Any CPU.ActiveCfg = Debug|Any CPU
		{DE4A5E2C-0601-492A-9219-31DE0DF74AE5}.Debug|Any CPU.Build.0 = Debug|Any CPU
		{DE4A5E2C-0601-492A-9219-31DE0DF74AE5}.Release|Any CPU.ActiveCfg = Release|Any CPU
		{DE4A5E2C-0601-492A-9219-31DE0DF74AE5}.Release|Any CPU.Build.0 = Release|Any CPU
		{2AF955F5-3B5B-4195-8986-72CEF1D86C63}.Debug|Any CPU.ActiveCfg = Debug|Any CPU
		{2AF955F5-3B5B-4195-8986-72CEF1D86C63}.Debug|Any CPU.Build.0 = Debug|Any CPU
		{2AF955F5-3B5B-4195-8986-72CEF1D86C63}.Release|Any CPU.ActiveCfg = Release|Any CPU
		{2AF955F5-3B5B-4195-8986-72CEF1D86C63}.Release|Any CPU.Build.0 = Release|Any CPU
	EndGlobalSection
	GlobalSection(SolutionProperties) = preSolution
		HideSolutionNode = FALSE
	EndGlobalSection
	GlobalSection(ExtensibilityGlobals) = postSolution
		SolutionGuid = {E325A602-0CCB-4578-9150-258B2D93DE09}
	EndGlobalSection
EndGlobal
